// !$*UTF8*$!
{
	archiveVersion = 1;
	classes = {
	};
	objectVersion = 46;
	objects = {

/* Begin PBXBuildFile section */
		3053A8DE1709DCF100D58709 /* UIKit.framework in Frameworks */ = {isa = PBXBuildFile; fileRef = 3053A8DD1709DCF100D58709 /* UIKit.framework */; };
		3053A8E01709DCF100D58709 /* Foundation.framework in Frameworks */ = {isa = PBXBuildFile; fileRef = 3053A8DF1709DCF100D58709 /* Foundation.framework */; };
		3053A8E21709DCF100D58709 /* CoreGraphics.framework in Frameworks */ = {isa = PBXBuildFile; fileRef = 3053A8E11709DCF100D58709 /* CoreGraphics.framework */; };
		3053A8E81709DCF100D58709 /* InfoPlist.strings in Resources */ = {isa = PBXBuildFile; fileRef = 3053A8E61709DCF100D58709 /* InfoPlist.strings */; };
		3053A8EA1709DCF200D58709 /* main.m in Sources */ = {isa = PBXBuildFile; fileRef = 3053A8E91709DCF100D58709 /* main.m */; };
		3053A8EE1709DCF200D58709 /* AppDelegate.m in Sources */ = {isa = PBXBuildFile; fileRef = 3053A8ED1709DCF200D58709 /* AppDelegate.m */; };
		3053A8F01709DCF200D58709 /* Default.png in Resources */ = {isa = PBXBuildFile; fileRef = 3053A8EF1709DCF200D58709 /* Default.png */; };
		3053A8F21709DCF200D58709 /* Default@2x.png in Resources */ = {isa = PBXBuildFile; fileRef = 3053A8F11709DCF200D58709 /* Default@2x.png */; };
		3053A8F41709DCF200D58709 /* Default-568h@2x.png in Resources */ = {isa = PBXBuildFile; fileRef = 3053A8F31709DCF200D58709 /* Default-568h@2x.png */; };
		3053A9021709DE1500D58709 /* ViewController.mm in Sources */ = {isa = PBXBuildFile; fileRef = 3053A9011709DE1500D58709 /* ViewController.mm */; };
		3053A9041709DE9900D58709 /* Assets in Resources */ = {isa = PBXBuildFile; fileRef = 3053A9031709DE9900D58709 /* Assets */; };
		3053A90C1709E31500D58709 /* libNinjaParty.a in Frameworks */ = {isa = PBXBuildFile; fileRef = 3053A90B1709E31500D58709 /* libNinjaParty.a */; };
		3053A90E1709E34F00D58709 /* OpenGLES.framework in Frameworks */ = {isa = PBXBuildFile; fileRef = 3053A90D1709E34F00D58709 /* OpenGLES.framework */; };
		3053A9101709E35500D58709 /* OpenAL.framework in Frameworks */ = {isa = PBXBuildFile; fileRef = 3053A90F1709E35500D58709 /* OpenAL.framework */; };
		3053A9161709E3A200D58709 /* AVFoundation.framework in Frameworks */ = {isa = PBXBuildFile; fileRef = 3053A9151709E3A200D58709 /* AVFoundation.framework */; };
		3053A9191709E3C100D58709 /* GLKit.framework in Frameworks */ = {isa = PBXBuildFile; fileRef = 3053A9181709E3C100D58709 /* GLKit.framework */; };
/* End PBXBuildFile section */

/* Begin PBXFileReference section */
		3050268D171F0A2800849BA3 /* Assets.hpp */ = {isa = PBXFileReference; fileEncoding = 4; lastKnownFileType = sourcecode.cpp.h; path = Assets.hpp; sourceTree = "<group>"; };
		3053A8DA1709DCF100D58709 /* Test.app */ = {isa = PBXFileReference; explicitFileType = wrapper.application; includeInIndex = 0; path = Test.app; sourceTree = BUILT_PRODUCTS_DIR; };
		3053A8DD1709DCF100D58709 /* UIKit.framework */ = {isa = PBXFileReference; lastKnownFileType = wrapper.framework; name = UIKit.framework; path = System/Library/Frameworks/UIKit.framework; sourceTree = SDKROOT; };
		3053A8DF1709DCF100D58709 /* Foundation.framework */ = {isa = PBXFileReference; lastKnownFileType = wrapper.framework; name = Foundation.framework; path = System/Library/Frameworks/Foundation.framework; sourceTree = SDKROOT; };
		3053A8E11709DCF100D58709 /* CoreGraphics.framework */ = {isa = PBXFileReference; lastKnownFileType = wrapper.framework; name = CoreGraphics.framework; path = System/Library/Frameworks/CoreGraphics.framework; sourceTree = SDKROOT; };
		3053A8E51709DCF100D58709 /* Test-Info.plist */ = {isa = PBXFileReference; lastKnownFileType = text.plist.xml; path = "Test-Info.plist"; sourceTree = "<group>"; };
		3053A8E71709DCF100D58709 /* en */ = {isa = PBXFileReference; lastKnownFileType = text.plist.strings; name = en; path = en.lproj/InfoPlist.strings; sourceTree = "<group>"; };
		3053A8E91709DCF100D58709 /* main.m */ = {isa = PBXFileReference; lastKnownFileType = sourcecode.c.objc; path = main.m; sourceTree = "<group>"; };
		3053A8EB1709DCF200D58709 /* Test-Prefix.pch */ = {isa = PBXFileReference; lastKnownFileType = sourcecode.c.h; path = "Test-Prefix.pch"; sourceTree = "<group>"; };
		3053A8EC1709DCF200D58709 /* AppDelegate.h */ = {isa = PBXFileReference; lastKnownFileType = sourcecode.c.h; path = AppDelegate.h; sourceTree = "<group>"; };
		3053A8ED1709DCF200D58709 /* AppDelegate.m */ = {isa = PBXFileReference; lastKnownFileType = sourcecode.c.objc; path = AppDelegate.m; sourceTree = "<group>"; };
		3053A8EF1709DCF200D58709 /* Default.png */ = {isa = PBXFileReference; lastKnownFileType = image.png; path = Default.png; sourceTree = "<group>"; };
		3053A8F11709DCF200D58709 /* Default@2x.png */ = {isa = PBXFileReference; lastKnownFileType = image.png; path = "Default@2x.png"; sourceTree = "<group>"; };
		3053A8F31709DCF200D58709 /* Default-568h@2x.png */ = {isa = PBXFileReference; lastKnownFileType = image.png; path = "Default-568h@2x.png"; sourceTree = "<group>"; };
		3053A9001709DE1500D58709 /* ViewController.h */ = {isa = PBXFileReference; fileEncoding = 4; lastKnownFileType = sourcecode.c.h; path = ViewController.h; sourceTree = "<group>"; };
		3053A9011709DE1500D58709 /* ViewController.mm */ = {isa = PBXFileReference; fileEncoding = 4; lastKnownFileType = sourcecode.cpp.objcpp; path = ViewController.mm; sourceTree = "<group>"; };
		3053A9031709DE9900D58709 /* Assets */ = {isa = PBXFileReference; lastKnownFileType = folder; name = Assets; path = ../Assets; sourceTree = "<group>"; };
		3053A9061709DEA000D58709 /* Audio.hpp */ = {isa = PBXFileReference; fileEncoding = 4; lastKnownFileType = sourcecode.cpp.h; path = Audio.hpp; sourceTree = "<group>"; };
		3053A9071709DEA000D58709 /* Demina.hpp */ = {isa = PBXFileReference; fileEncoding = 4; lastKnownFileType = sourcecode.cpp.h; path = Demina.hpp; sourceTree = "<group>"; };
		3053A9081709DEA000D58709 /* RenderTexture.hpp */ = {isa = PBXFileReference; fileEncoding = 4; lastKnownFileType = sourcecode.cpp.h; path = RenderTexture.hpp; sourceTree = "<group>"; };
		3053A9091709DEA000D58709 /* Spine.hpp */ = {isa = PBXFileReference; fileEncoding = 4; lastKnownFileType = sourcecode.cpp.h; path = Spine.hpp; sourceTree = "<group>"; };
		3053A90A1709DEA000D58709 /* SpriteBatch.hpp */ = {isa = PBXFileReference; fileEncoding = 4; lastKnownFileType = sourcecode.cpp.h; path = SpriteBatch.hpp; sourceTree = "<group>"; };
		3053A90B1709E31500D58709 /* libNinjaParty.a */ = {isa = PBXFileReference; lastKnownFileType = archive.ar; name = libNinjaParty.a; path = "../../../../../Library/Developer/Xcode/DerivedData/NinjaParty-fxwksivymfvbkbckihgyismkqhea/Build/Products/Debug-iphoneos/libNinjaParty.a"; sourceTree = "<group>"; };
		3053A90D1709E34F00D58709 /* OpenGLES.framework */ = {isa = PBXFileReference; lastKnownFileType = wrapper.framework; name = OpenGLES.framework; path = System/Library/Frameworks/OpenGLES.framework; sourceTree = SDKROOT; };
		3053A90F1709E35500D58709 /* OpenAL.framework */ = {isa = PBXFileReference; lastKnownFileType = wrapper.framework; name = OpenAL.framework; path = System/Library/Frameworks/OpenAL.framework; sourceTree = SDKROOT; };
		3053A9111709E36200D58709 /* AudioToolbox.framework */ = {isa = PBXFileReference; lastKnownFileType = wrapper.framework; name = AudioToolbox.framework; path = System/Library/Frameworks/AudioToolbox.framework; sourceTree = SDKROOT; };
		3053A9151709E3A200D58709 /* AVFoundation.framework */ = {isa = PBXFileReference; lastKnownFileType = wrapper.framework; name = AVFoundation.framework; path = System/Library/Frameworks/AVFoundation.framework; sourceTree = SDKROOT; };
		3053A9181709E3C100D58709 /* GLKit.framework */ = {isa = PBXFileReference; lastKnownFileType = wrapper.framework; name = GLKit.framework; path = System/Library/Frameworks/GLKit.framework; sourceTree = SDKROOT; };
		30F9BAF4171CA3F20053126D /* Touch.hpp */ = {isa = PBXFileReference; fileEncoding = 4; lastKnownFileType = sourcecode.cpp.h; path = Touch.hpp; sourceTree = "<group>"; };
/* End PBXFileReference section */

/* Begin PBXFrameworksBuildPhase section */
		3053A8D71709DCF100D58709 /* Frameworks */ = {
			isa = PBXFrameworksBuildPhase;
			buildActionMask = 2147483647;
			files = (
				3053A9191709E3C100D58709 /* GLKit.framework in Frameworks */,
				3053A9161709E3A200D58709 /* AVFoundation.framework in Frameworks */,
				3053A9101709E35500D58709 /* OpenAL.framework in Frameworks */,
				3053A90E1709E34F00D58709 /* OpenGLES.framework in Frameworks */,
				3053A90C1709E31500D58709 /* libNinjaParty.a in Frameworks */,
				3053A8DE1709DCF100D58709 /* UIKit.framework in Frameworks */,
				3053A8E01709DCF100D58709 /* Foundation.framework in Frameworks */,
				3053A8E21709DCF100D58709 /* CoreGraphics.framework in Frameworks */,
			);
			runOnlyForDeploymentPostprocessing = 0;
		};
/* End PBXFrameworksBuildPhase section */

/* Begin PBXGroup section */
		3053A8D11709DCF100D58709 = {
			isa = PBXGroup;
			children = (
				3053A9031709DE9900D58709 /* Assets */,
				3053A8DC1709DCF100D58709 /* Frameworks */,
				3053A8DB1709DCF100D58709 /* Products */,
				3053A8E31709DCF100D58709 /* Test */,
				3053A9051709DEA000D58709 /* Tests */,
			);
			sourceTree = "<group>";
		};
		3053A8DB1709DCF100D58709 /* Products */ = {
			isa = PBXGroup;
			children = (
				3053A8DA1709DCF100D58709 /* Test.app */,
			);
			name = Products;
			sourceTree = "<group>";
		};
		3053A8DC1709DCF100D58709 /* Frameworks */ = {
			isa = PBXGroup;
			children = (
				3053A9111709E36200D58709 /* AudioToolbox.framework */,
				3053A9151709E3A200D58709 /* AVFoundation.framework */,
				3053A8E11709DCF100D58709 /* CoreGraphics.framework */,
				3053A8DF1709DCF100D58709 /* Foundation.framework */,
				3053A9181709E3C100D58709 /* GLKit.framework */,
				3053A90B1709E31500D58709 /* libNinjaParty.a */,
				3053A90F1709E35500D58709 /* OpenAL.framework */,
				3053A90D1709E34F00D58709 /* OpenGLES.framework */,
				3053A8DD1709DCF100D58709 /* UIKit.framework */,
			);
			name = Frameworks;
			sourceTree = "<group>";
		};
		3053A8E31709DCF100D58709 /* Test */ = {
			isa = PBXGroup;
			children = (
				3053A8EC1709DCF200D58709 /* AppDelegate.h */,
				3053A8ED1709DCF200D58709 /* AppDelegate.m */,
				3053A8E41709DCF100D58709 /* Supporting Files */,
				3053A9001709DE1500D58709 /* ViewController.h */,
				3053A9011709DE1500D58709 /* ViewController.mm */,
			);
			path = Test;
			sourceTree = "<group>";
		};
		3053A8E41709DCF100D58709 /* Supporting Files */ = {
			isa = PBXGroup;
			children = (
				3053A8E51709DCF100D58709 /* Test-Info.plist */,
				3053A8E61709DCF100D58709 /* InfoPlist.strings */,
				3053A8E91709DCF100D58709 /* main.m */,
				3053A8EB1709DCF200D58709 /* Test-Prefix.pch */,
				3053A8EF1709DCF200D58709 /* Default.png */,
				3053A8F11709DCF200D58709 /* Default@2x.png */,
				3053A8F31709DCF200D58709 /* Default-568h@2x.png */,
			);
			name = "Supporting Files";
			sourceTree = "<group>";
		};
		3053A9051709DEA000D58709 /* Tests */ = {
			isa = PBXGroup;
			children = (
				3050268D171F0A2800849BA3 /* Assets.hpp */,
				3053A9061709DEA000D58709 /* Audio.hpp */,
				3053A9071709DEA000D58709 /* Demina.hpp */,
				3053A9081709DEA000D58709 /* RenderTexture.hpp */,
				3053A9091709DEA000D58709 /* Spine.hpp */,
				3053A90A1709DEA000D58709 /* SpriteBatch.hpp */,
				30F9BAF4171CA3F20053126D /* Touch.hpp */,
			);
			name = Tests;
			path = ../Tests;
			sourceTree = "<group>";
		};
/* End PBXGroup section */

/* Begin PBXNativeTarget section */
		3053A8D91709DCF100D58709 /* Test */ = {
			isa = PBXNativeTarget;
			buildConfigurationList = 3053A8F71709DCF200D58709 /* Build configuration list for PBXNativeTarget "Test" */;
			buildPhases = (
				3053A8D61709DCF100D58709 /* Sources */,
				3053A8D71709DCF100D58709 /* Frameworks */,
				3053A8D81709DCF100D58709 /* Resources */,
			);
			buildRules = (
			);
			dependencies = (
			);
			name = Test;
			productName = Test;
			productReference = 3053A8DA1709DCF100D58709 /* Test.app */;
			productType = "com.apple.product-type.application";
		};
/* End PBXNativeTarget section */

/* Begin PBXProject section */
		3053A8D21709DCF100D58709 /* Project object */ = {
			isa = PBXProject;
			attributes = {
				LastUpgradeCheck = 0460;
				ORGANIZATIONNAME = "Third Party Ninjas LLC";
			};
			buildConfigurationList = 3053A8D51709DCF100D58709 /* Build configuration list for PBXProject "Test" */;
			compatibilityVersion = "Xcode 3.2";
			developmentRegion = English;
			hasScannedForEncodings = 0;
			knownRegions = (
				en,
			);
			mainGroup = 3053A8D11709DCF100D58709;
			productRefGroup = 3053A8DB1709DCF100D58709 /* Products */;
			projectDirPath = "";
			projectRoot = "";
			targets = (
				3053A8D91709DCF100D58709 /* Test */,
			);
		};
/* End PBXProject section */

/* Begin PBXResourcesBuildPhase section */
		3053A8D81709DCF100D58709 /* Resources */ = {
			isa = PBXResourcesBuildPhase;
			buildActionMask = 2147483647;
			files = (
				3053A8E81709DCF100D58709 /* InfoPlist.strings in Resources */,
				3053A8F01709DCF200D58709 /* Default.png in Resources */,
				3053A8F21709DCF200D58709 /* Default@2x.png in Resources */,
				3053A8F41709DCF200D58709 /* Default-568h@2x.png in Resources */,
				3053A9041709DE9900D58709 /* Assets in Resources */,
			);
			runOnlyForDeploymentPostprocessing = 0;
		};
/* End PBXResourcesBuildPhase section */

/* Begin PBXSourcesBuildPhase section */
		3053A8D61709DCF100D58709 /* Sources */ = {
			isa = PBXSourcesBuildPhase;
			buildActionMask = 2147483647;
			files = (
				3053A8EA1709DCF200D58709 /* main.m in Sources */,
				3053A8EE1709DCF200D58709 /* AppDelegate.m in Sources */,
				3053A9021709DE1500D58709 /* ViewController.mm in Sources */,
			);
			runOnlyForDeploymentPostprocessing = 0;
		};
/* End PBXSourcesBuildPhase section */

/* Begin PBXVariantGroup section */
		3053A8E61709DCF100D58709 /* InfoPlist.strings */ = {
			isa = PBXVariantGroup;
			children = (
				3053A8E71709DCF100D58709 /* en */,
			);
			name = InfoPlist.strings;
			sourceTree = "<group>";
		};
/* End PBXVariantGroup section */

/* Begin XCBuildConfiguration section */
		3053A8F51709DCF200D58709 /* Debug */ = {
			isa = XCBuildConfiguration;
			buildSettings = {
				ALWAYS_SEARCH_USER_PATHS = NO;
				CLANG_CXX_LANGUAGE_STANDARD = "gnu++0x";
				CLANG_CXX_LIBRARY = "libc++";
				CLANG_WARN_CONSTANT_CONVERSION = YES;
				CLANG_WARN_EMPTY_BODY = YES;
				CLANG_WARN_ENUM_CONVERSION = YES;
				CLANG_WARN_INT_CONVERSION = YES;
				CLANG_WARN__DUPLICATE_METHOD_MATCH = YES;
				"CODE_SIGN_IDENTITY[sdk=iphoneos*]" = "iPhone Developer";
				COPY_PHASE_STRIP = NO;
				GCC_C_LANGUAGE_STANDARD = gnu99;
				GCC_DYNAMIC_NO_PIC = NO;
				GCC_OPTIMIZATION_LEVEL = 0;
				GCC_PREPROCESSOR_DEFINITIONS = (
					"DEBUG=1",
					"$(inherited)",
				);
				GCC_SYMBOLS_PRIVATE_EXTERN = NO;
				GCC_WARN_ABOUT_RETURN_TYPE = YES;
				GCC_WARN_UNINITIALIZED_AUTOS = YES;
				GCC_WARN_UNUSED_VARIABLE = YES;
				IPHONEOS_DEPLOYMENT_TARGET = 6.1;
				ONLY_ACTIVE_ARCH = YES;
				SDKROOT = iphoneos;
				TARGETED_DEVICE_FAMILY = "1,2";
			};
			name = Debug;
		};
		3053A8F61709DCF200D58709 /* Release */ = {
			isa = XCBuildConfiguration;
			buildSettings = {
				ALWAYS_SEARCH_USER_PATHS = NO;
				CLANG_CXX_LANGUAGE_STANDARD = "gnu++0x";
				CLANG_CXX_LIBRARY = "libc++";
				CLANG_WARN_CONSTANT_CONVERSION = YES;
				CLANG_WARN_EMPTY_BODY = YES;
				CLANG_WARN_ENUM_CONVERSION = YES;
				CLANG_WARN_INT_CONVERSION = YES;
				CLANG_WARN__DUPLICATE_METHOD_MATCH = YES;
				"CODE_SIGN_IDENTITY[sdk=iphoneos*]" = "iPhone Developer";
				COPY_PHASE_STRIP = YES;
				GCC_C_LANGUAGE_STANDARD = gnu99;
				GCC_WARN_ABOUT_RETURN_TYPE = YES;
				GCC_WARN_UNINITIALIZED_AUTOS = YES;
				GCC_WARN_UNUSED_VARIABLE = YES;
				IPHONEOS_DEPLOYMENT_TARGET = 6.1;
				OTHER_CFLAGS = "-DNS_BLOCK_ASSERTIONS=1";
				SDKROOT = iphoneos;
				TARGETED_DEVICE_FAMILY = "1,2";
				VALIDATE_PRODUCT = YES;
			};
			name = Release;
		};
		3053A8F81709DCF200D58709 /* Debug */ = {
			isa = XCBuildConfiguration;
			buildSettings = {
				GCC_PRECOMPILE_PREFIX_HEADER = YES;
				GCC_PREFIX_HEADER = "Test/Test-Prefix.pch";
				HEADER_SEARCH_PATHS = (
					../../Include,
					../../Dependencies/boost/include,
					../../Dependencies/Wm5,
					"../../Dependencies/spine-c/include",
				);
				INFOPLIST_FILE = "Test/Test-Info.plist";
				LIBRARY_SEARCH_PATHS = (
					"$(inherited)",
					"\"$(SRCROOT)/../../../../../Library/Developer/Xcode/DerivedData/NinjaParty-fxwksivymfvbkbckihgyismkqhea/Build/Products/Debug-iphoneos\"",
				);
				OTHER_LDFLAGS = "-lz";
				PRODUCT_NAME = "$(TARGET_NAME)";
				WRAPPER_EXTENSION = app;
			};
			name = Debug;
		};
		3053A8F91709DCF200D58709 /* Release */ = {
			isa = XCBuildConfiguration;
			buildSettings = {
				GCC_PRECOMPILE_PREFIX_HEADER = YES;
				GCC_PREFIX_HEADER = "Test/Test-Prefix.pch";
				HEADER_SEARCH_PATHS = (
					../../Include,
					../../Dependencies/boost/include,
					../../Dependencies/Wm5,
					"../../Dependencies/spine-c/include",
				);
				INFOPLIST_FILE = "Test/Test-Info.plist";
				LIBRARY_SEARCH_PATHS = (
					"$(inherited)",
					"\"$(SRCROOT)/../../../../../Library/Developer/Xcode/DerivedData/NinjaParty-fxwksivymfvbkbckihgyismkqhea/Build/Products/Debug-iphoneos\"",
				);
				OTHER_LDFLAGS = "-lz";
				PRODUCT_NAME = "$(TARGET_NAME)";
				WRAPPER_EXTENSION = app;
			};
			name = Release;
		};
/* End XCBuildConfiguration section */

/* Begin XCConfigurationList section */
		3053A8D51709DCF100D58709 /* Build configuration list for PBXProject "Test" */ = {
			isa = XCConfigurationList;
			buildConfigurations = (
				3053A8F51709DCF200D58709 /* Debug */,
				3053A8F61709DCF200D58709 /* Release */,
			);
			defaultConfigurationIsVisible = 0;
			defaultConfigurationName = Release;
		};
		3053A8F71709DCF200D58709 /* Build configuration list for PBXNativeTarget "Test" */ = {
			isa = XCConfigurationList;
			buildConfigurations = (
				3053A8F81709DCF200D58709 /* Debug */,
				3053A8F91709DCF200D58709 /* Release */,
			);
			defaultConfigurationIsVisible = 0;
			defaultConfigurationName = Release;
		};
/* End XCConfigurationList section */
	};
	rootObject = 3053A8D21709DCF100D58709 /* Project object */;
}
