// !$*UTF8*$!
{
	archiveVersion = 1;
	classes = {
	};
	objectVersion = 46;
	objects = {

/* Begin PBXBuildFile section */
		30952B431707EE5C00FB72ED /* Cocoa.framework in Frameworks */ = {isa = PBXBuildFile; fileRef = 30952B421707EE5C00FB72ED /* Cocoa.framework */; };
		30952B4D1707EE5C00FB72ED /* InfoPlist.strings in Resources */ = {isa = PBXBuildFile; fileRef = 30952B4B1707EE5C00FB72ED /* InfoPlist.strings */; };
		30952B4F1707EE5C00FB72ED /* main.mm in Sources */ = {isa = PBXBuildFile; fileRef = 30952B4E1707EE5C00FB72ED /* main.mm */; };
		30952B6B1707EFF300FB72ED /* AppKit.framework in Frameworks */ = {isa = PBXBuildFile; fileRef = 30952B451707EE5C00FB72ED /* AppKit.framework */; };
		30952B6C1707EFF900FB72ED /* CoreData.framework in Frameworks */ = {isa = PBXBuildFile; fileRef = 30952B461707EE5C00FB72ED /* CoreData.framework */; };
		30952B6D1707EFFF00FB72ED /* Foundation.framework in Frameworks */ = {isa = PBXBuildFile; fileRef = 30952B471707EE5C00FB72ED /* Foundation.framework */; };
		30952B6F1707F00900FB72ED /* AudioUnit.framework in Frameworks */ = {isa = PBXBuildFile; fileRef = 30952B6E1707F00900FB72ED /* AudioUnit.framework */; };
		30952B711707F00F00FB72ED /* Carbon.framework in Frameworks */ = {isa = PBXBuildFile; fileRef = 30952B701707F00F00FB72ED /* Carbon.framework */; };
		30952B731707F01D00FB72ED /* CoreAudio.framework in Frameworks */ = {isa = PBXBuildFile; fileRef = 30952B721707F01D00FB72ED /* CoreAudio.framework */; };
		30952B751707F02700FB72ED /* ForceFeedback.framework in Frameworks */ = {isa = PBXBuildFile; fileRef = 30952B741707F02700FB72ED /* ForceFeedback.framework */; };
		30952B771707F02E00FB72ED /* OpenGL.framework in Frameworks */ = {isa = PBXBuildFile; fileRef = 30952B761707F02E00FB72ED /* OpenGL.framework */; };
		30952B791707F05300FB72ED /* IOKit.framework in Frameworks */ = {isa = PBXBuildFile; fileRef = 30952B781707F05300FB72ED /* IOKit.framework */; };
		30952B7B1707F07300FB72ED /* Assets in Resources */ = {isa = PBXBuildFile; fileRef = 30952B7A1707F07300FB72ED /* Assets */; };
		30952B871707F91A00FB72ED /* libNinjaParty.a in Frameworks */ = {isa = PBXBuildFile; fileRef = 30952B861707F91A00FB72ED /* libNinjaParty.a */; };
		3095373F1708C20700FB72ED /* OpenAL.framework in Frameworks */ = {isa = PBXBuildFile; fileRef = 3095373E1708C20700FB72ED /* OpenAL.framework */; };
/* End PBXBuildFile section */

/* Begin PBXFileReference section */
		300560051708DFB400A74272 /* RenderTexture.hpp */ = {isa = PBXFileReference; lastKnownFileType = sourcecode.cpp.h; path = RenderTexture.hpp; sourceTree = "<group>"; wrapsLines = 0; };
		300560061708EA6700A74272 /* Audio.hpp */ = {isa = PBXFileReference; lastKnownFileType = sourcecode.cpp.h; path = Audio.hpp; sourceTree = "<group>"; };
		300560071708ED6E00A74272 /* Demina.hpp */ = {isa = PBXFileReference; lastKnownFileType = sourcecode.cpp.h; path = Demina.hpp; sourceTree = "<group>"; };
		304A0AF5170B42FF006F5F8F /* Gleed.hpp */ = {isa = PBXFileReference; fileEncoding = 4; lastKnownFileType = sourcecode.cpp.h; path = Gleed.hpp; sourceTree = "<group>"; };
		30952B3F1707EE5C00FB72ED /* Test.app */ = {isa = PBXFileReference; explicitFileType = wrapper.application; includeInIndex = 0; path = Test.app; sourceTree = BUILT_PRODUCTS_DIR; };
		30952B421707EE5C00FB72ED /* Cocoa.framework */ = {isa = PBXFileReference; lastKnownFileType = wrapper.framework; name = Cocoa.framework; path = System/Library/Frameworks/Cocoa.framework; sourceTree = SDKROOT; };
		30952B451707EE5C00FB72ED /* AppKit.framework */ = {isa = PBXFileReference; lastKnownFileType = wrapper.framework; name = AppKit.framework; path = System/Library/Frameworks/AppKit.framework; sourceTree = SDKROOT; };
		30952B461707EE5C00FB72ED /* CoreData.framework */ = {isa = PBXFileReference; lastKnownFileType = wrapper.framework; name = CoreData.framework; path = System/Library/Frameworks/CoreData.framework; sourceTree = SDKROOT; };
		30952B471707EE5C00FB72ED /* Foundation.framework */ = {isa = PBXFileReference; lastKnownFileType = wrapper.framework; name = Foundation.framework; path = System/Library/Frameworks/Foundation.framework; sourceTree = SDKROOT; };
		30952B4A1707EE5C00FB72ED /* Test-Info.plist */ = {isa = PBXFileReference; lastKnownFileType = text.plist.xml; path = "Test-Info.plist"; sourceTree = "<group>"; };
		30952B4C1707EE5C00FB72ED /* en */ = {isa = PBXFileReference; lastKnownFileType = text.plist.strings; name = en; path = en.lproj/InfoPlist.strings; sourceTree = "<group>"; };
		30952B4E1707EE5C00FB72ED /* main.mm */ = {isa = PBXFileReference; lastKnownFileType = sourcecode.cpp.objcpp; path = main.mm; sourceTree = "<group>"; wrapsLines = 0; };
		30952B6E1707F00900FB72ED /* AudioUnit.framework */ = {isa = PBXFileReference; lastKnownFileType = wrapper.framework; name = AudioUnit.framework; path = System/Library/Frameworks/AudioUnit.framework; sourceTree = SDKROOT; };
		30952B701707F00F00FB72ED /* Carbon.framework */ = {isa = PBXFileReference; lastKnownFileType = wrapper.framework; name = Carbon.framework; path = System/Library/Frameworks/Carbon.framework; sourceTree = SDKROOT; };
		30952B721707F01D00FB72ED /* CoreAudio.framework */ = {isa = PBXFileReference; lastKnownFileType = wrapper.framework; name = CoreAudio.framework; path = System/Library/Frameworks/CoreAudio.framework; sourceTree = SDKROOT; };
		30952B741707F02700FB72ED /* ForceFeedback.framework */ = {isa = PBXFileReference; lastKnownFileType = wrapper.framework; name = ForceFeedback.framework; path = System/Library/Frameworks/ForceFeedback.framework; sourceTree = SDKROOT; };
		30952B761707F02E00FB72ED /* OpenGL.framework */ = {isa = PBXFileReference; lastKnownFileType = wrapper.framework; name = OpenGL.framework; path = System/Library/Frameworks/OpenGL.framework; sourceTree = SDKROOT; };
		30952B781707F05300FB72ED /* IOKit.framework */ = {isa = PBXFileReference; lastKnownFileType = wrapper.framework; name = IOKit.framework; path = System/Library/Frameworks/IOKit.framework; sourceTree = SDKROOT; };
		30952B7A1707F07300FB72ED /* Assets */ = {isa = PBXFileReference; lastKnownFileType = folder; name = Assets; path = ../Assets; sourceTree = "<group>"; };
		30952B861707F91A00FB72ED /* libNinjaParty.a */ = {isa = PBXFileReference; lastKnownFileType = archive.ar; name = libNinjaParty.a; path = "../../../../../Library/Developer/Xcode/DerivedData/NinjaParty-fgwuotjxyazmbhfcvmwbpoguizdf/Build/Products/Debug/libNinjaParty.a"; sourceTree = "<group>"; };
		3095373E1708C20700FB72ED /* OpenAL.framework */ = {isa = PBXFileReference; lastKnownFileType = wrapper.framework; name = OpenAL.framework; path = System/Library/Frameworks/OpenAL.framework; sourceTree = SDKROOT; };
		309537611708C61000FB72ED /* AppKit.framework */ = {isa = PBXFileReference; lastKnownFileType = wrapper.framework; name = AppKit.framework; path = System/Library/Frameworks/AppKit.framework; sourceTree = SDKROOT; };
		309537621708C61000FB72ED /* CoreData.framework */ = {isa = PBXFileReference; lastKnownFileType = wrapper.framework; name = CoreData.framework; path = System/Library/Frameworks/CoreData.framework; sourceTree = SDKROOT; };
		309537631708C61000FB72ED /* Foundation.framework */ = {isa = PBXFileReference; lastKnownFileType = wrapper.framework; name = Foundation.framework; path = System/Library/Frameworks/Foundation.framework; sourceTree = SDKROOT; };
		3095377C1708CD0500FB72ED /* SpriteBatch.hpp */ = {isa = PBXFileReference; lastKnownFileType = sourcecode.cpp.h; path = SpriteBatch.hpp; sourceTree = "<group>"; };
		3095377F1708D2FE00FB72ED /* Spine.hpp */ = {isa = PBXFileReference; lastKnownFileType = sourcecode.cpp.h; path = Spine.hpp; sourceTree = "<group>"; };
		30A10772171E72B400263A70 /* Assets.hpp */ = {isa = PBXFileReference; fileEncoding = 4; lastKnownFileType = sourcecode.cpp.h; path = Assets.hpp; sourceTree = "<group>"; };
/* End PBXFileReference section */

/* Begin PBXFrameworksBuildPhase section */
		30952B3C1707EE5C00FB72ED /* Frameworks */ = {
			isa = PBXFrameworksBuildPhase;
			buildActionMask = 2147483647;
			files = (
				3095373F1708C20700FB72ED /* OpenAL.framework in Frameworks */,
				30952B871707F91A00FB72ED /* libNinjaParty.a in Frameworks */,
				30952B791707F05300FB72ED /* IOKit.framework in Frameworks */,
				30952B771707F02E00FB72ED /* OpenGL.framework in Frameworks */,
				30952B751707F02700FB72ED /* ForceFeedback.framework in Frameworks */,
				30952B731707F01D00FB72ED /* CoreAudio.framework in Frameworks */,
				30952B711707F00F00FB72ED /* Carbon.framework in Frameworks */,
				30952B6F1707F00900FB72ED /* AudioUnit.framework in Frameworks */,
				30952B6D1707EFFF00FB72ED /* Foundation.framework in Frameworks */,
				30952B6C1707EFF900FB72ED /* CoreData.framework in Frameworks */,
				30952B6B1707EFF300FB72ED /* AppKit.framework in Frameworks */,
				30952B431707EE5C00FB72ED /* Cocoa.framework in Frameworks */,
			);
			runOnlyForDeploymentPostprocessing = 0;
		};
/* End PBXFrameworksBuildPhase section */

/* Begin PBXGroup section */
		30952B361707EE5C00FB72ED = {
			isa = PBXGroup;
			children = (
				30952B7A1707F07300FB72ED /* Assets */,
				30952B411707EE5C00FB72ED /* Frameworks */,
				30952B401707EE5C00FB72ED /* Products */,
				30952B481707EE5C00FB72ED /* Test */,
				3095377B1708CC8900FB72ED /* Tests */,
			);
			sourceTree = "<group>";
		};
		30952B401707EE5C00FB72ED /* Products */ = {
			isa = PBXGroup;
			children = (
				30952B3F1707EE5C00FB72ED /* Test.app */,
			);
			name = Products;
			sourceTree = "<group>";
		};
		30952B411707EE5C00FB72ED /* Frameworks */ = {
			isa = PBXGroup;
			children = (
				30952B451707EE5C00FB72ED /* AppKit.framework */,
				30952B6E1707F00900FB72ED /* AudioUnit.framework */,
				30952B701707F00F00FB72ED /* Carbon.framework */,
				30952B421707EE5C00FB72ED /* Cocoa.framework */,
				30952B721707F01D00FB72ED /* CoreAudio.framework */,
				30952B461707EE5C00FB72ED /* CoreData.framework */,
				30952B741707F02700FB72ED /* ForceFeedback.framework */,
				30952B471707EE5C00FB72ED /* Foundation.framework */,
				30952B781707F05300FB72ED /* IOKit.framework */,
				30952B861707F91A00FB72ED /* libNinjaParty.a */,
				3095373E1708C20700FB72ED /* OpenAL.framework */,
				30952B761707F02E00FB72ED /* OpenGL.framework */,
				309537601708C61000FB72ED /* Other Frameworks */,
			);
			name = Frameworks;
			sourceTree = "<group>";
		};
		30952B481707EE5C00FB72ED /* Test */ = {
			isa = PBXGroup;
			children = (
				30952B4E1707EE5C00FB72ED /* main.mm */,
				30952B491707EE5C00FB72ED /* Supporting Files */,
			);
			path = Test;
			sourceTree = "<group>";
		};
		30952B491707EE5C00FB72ED /* Supporting Files */ = {
			isa = PBXGroup;
			children = (
				30952B4A1707EE5C00FB72ED /* Test-Info.plist */,
				30952B4B1707EE5C00FB72ED /* InfoPlist.strings */,
			);
			name = "Supporting Files";
			sourceTree = "<group>";
		};
		309537601708C61000FB72ED /* Other Frameworks */ = {
			isa = PBXGroup;
			children = (
				309537611708C61000FB72ED /* AppKit.framework */,
				309537621708C61000FB72ED /* CoreData.framework */,
				309537631708C61000FB72ED /* Foundation.framework */,
			);
			name = "Other Frameworks";
			sourceTree = "<group>";
		};
		3095377B1708CC8900FB72ED /* Tests */ = {
			isa = PBXGroup;
			children = (
				30A10772171E72B400263A70 /* Assets.hpp */,
				300560061708EA6700A74272 /* Audio.hpp */,
				300560071708ED6E00A74272 /* Demina.hpp */,
				304A0AF5170B42FF006F5F8F /* Gleed.hpp */,
				300560051708DFB400A74272 /* RenderTexture.hpp */,
				3095377F1708D2FE00FB72ED /* Spine.hpp */,
				3095377C1708CD0500FB72ED /* SpriteBatch.hpp */,
			);
			name = Tests;
			path = ../Tests;
			sourceTree = "<group>";
		};
/* End PBXGroup section */

/* Begin PBXNativeTarget section */
		30952B3E1707EE5C00FB72ED /* Test */ = {
			isa = PBXNativeTarget;
			buildConfigurationList = 30952B5C1707EE5D00FB72ED /* Build configuration list for PBXNativeTarget "Test" */;
			buildPhases = (
				30952B3B1707EE5C00FB72ED /* Sources */,
				30952B3C1707EE5C00FB72ED /* Frameworks */,
				30952B3D1707EE5C00FB72ED /* Resources */,
			);
			buildRules = (
			);
			dependencies = (
			);
			name = Test;
			productName = Test;
			productReference = 30952B3F1707EE5C00FB72ED /* Test.app */;
			productType = "com.apple.product-type.application";
		};
/* End PBXNativeTarget section */

/* Begin PBXProject section */
		30952B371707EE5C00FB72ED /* Project object */ = {
			isa = PBXProject;
			attributes = {
				LastUpgradeCheck = 0460;
				ORGANIZATIONNAME = "Third Party Ninjas LLC";
			};
			buildConfigurationList = 30952B3A1707EE5C00FB72ED /* Build configuration list for PBXProject "Test" */;
			compatibilityVersion = "Xcode 3.2";
			developmentRegion = English;
			hasScannedForEncodings = 0;
			knownRegions = (
				en,
			);
			mainGroup = 30952B361707EE5C00FB72ED;
			productRefGroup = 30952B401707EE5C00FB72ED /* Products */;
			projectDirPath = "";
			projectRoot = "";
			targets = (
				30952B3E1707EE5C00FB72ED /* Test */,
			);
		};
/* End PBXProject section */

/* Begin PBXResourcesBuildPhase section */
		30952B3D1707EE5C00FB72ED /* Resources */ = {
			isa = PBXResourcesBuildPhase;
			buildActionMask = 2147483647;
			files = (
				30952B4D1707EE5C00FB72ED /* InfoPlist.strings in Resources */,
				30952B7B1707F07300FB72ED /* Assets in Resources */,
			);
			runOnlyForDeploymentPostprocessing = 0;
		};
/* End PBXResourcesBuildPhase section */

/* Begin PBXSourcesBuildPhase section */
		30952B3B1707EE5C00FB72ED /* Sources */ = {
			isa = PBXSourcesBuildPhase;
			buildActionMask = 2147483647;
			files = (
				30952B4F1707EE5C00FB72ED /* main.mm in Sources */,
			);
			runOnlyForDeploymentPostprocessing = 0;
		};
/* End PBXSourcesBuildPhase section */

/* Begin PBXVariantGroup section */
		30952B4B1707EE5C00FB72ED /* InfoPlist.strings */ = {
			isa = PBXVariantGroup;
			children = (
				30952B4C1707EE5C00FB72ED /* en */,
			);
			name = InfoPlist.strings;
			sourceTree = "<group>";
		};
/* End PBXVariantGroup section */

/* Begin XCBuildConfiguration section */
		30952B5A1707EE5D00FB72ED /* Debug */ = {
			isa = XCBuildConfiguration;
			buildSettings = {
				ALWAYS_SEARCH_USER_PATHS = NO;
				ARCHS = "$(ARCHS_STANDARD_64_BIT)";
				CLANG_CXX_LANGUAGE_STANDARD = "gnu++0x";
				CLANG_CXX_LIBRARY = "libc++";
				CLANG_WARN_CONSTANT_CONVERSION = YES;
				CLANG_WARN_EMPTY_BODY = YES;
				CLANG_WARN_ENUM_CONVERSION = YES;
				CLANG_WARN_INT_CONVERSION = YES;
				CLANG_WARN__DUPLICATE_METHOD_MATCH = YES;
				COPY_PHASE_STRIP = NO;
				GCC_C_LANGUAGE_STANDARD = gnu99;
				GCC_DYNAMIC_NO_PIC = NO;
				GCC_ENABLE_OBJC_EXCEPTIONS = YES;
				GCC_OPTIMIZATION_LEVEL = 0;
				GCC_PREPROCESSOR_DEFINITIONS = (
					"DEBUG=1",
					"$(inherited)",
				);
				GCC_SYMBOLS_PRIVATE_EXTERN = NO;
				GCC_WARN_64_TO_32_BIT_CONVERSION = YES;
				GCC_WARN_ABOUT_RETURN_TYPE = YES;
				GCC_WARN_UNINITIALIZED_AUTOS = YES;
				GCC_WARN_UNUSED_VARIABLE = YES;
				HEADER_SEARCH_PATHS = "";
				MACOSX_DEPLOYMENT_TARGET = 10.8;
				ONLY_ACTIVE_ARCH = YES;
				SDKROOT = macosx;
			};
			name = Debug;
		};
		30952B5B1707EE5D00FB72ED /* Release */ = {
			isa = XCBuildConfiguration;
			buildSettings = {
				ALWAYS_SEARCH_USER_PATHS = NO;
				ARCHS = "$(ARCHS_STANDARD_64_BIT)";
				CLANG_CXX_LANGUAGE_STANDARD = "gnu++0x";
				CLANG_CXX_LIBRARY = "libc++";
				CLANG_WARN_CONSTANT_CONVERSION = YES;
				CLANG_WARN_EMPTY_BODY = YES;
				CLANG_WARN_ENUM_CONVERSION = YES;
				CLANG_WARN_INT_CONVERSION = YES;
				CLANG_WARN__DUPLICATE_METHOD_MATCH = YES;
				COPY_PHASE_STRIP = YES;
				DEBUG_INFORMATION_FORMAT = "dwarf-with-dsym";
				GCC_C_LANGUAGE_STANDARD = gnu99;
				GCC_ENABLE_OBJC_EXCEPTIONS = YES;
				GCC_WARN_64_TO_32_BIT_CONVERSION = YES;
				GCC_WARN_ABOUT_RETURN_TYPE = YES;
				GCC_WARN_UNINITIALIZED_AUTOS = YES;
				GCC_WARN_UNUSED_VARIABLE = YES;
				HEADER_SEARCH_PATHS = "";
				MACOSX_DEPLOYMENT_TARGET = 10.8;
				SDKROOT = macosx;
			};
			name = Release;
		};
		30952B5D1707EE5D00FB72ED /* Debug */ = {
			isa = XCBuildConfiguration;
			buildSettings = {
				COMBINE_HIDPI_IMAGES = YES;
				GCC_PRECOMPILE_PREFIX_HEADER = YES;
				HEADER_SEARCH_PATHS = (
					../../Include,
					../../Dependencies/boost/include,
					../../Dependencies/Wm5,
					../../Dependencies/SDL/include,
					"../../Dependencies/spine-c/include",
				);
				INFOPLIST_FILE = "Test/Test-Info.plist";
				LIBRARY_SEARCH_PATHS = (
					"\"../../Dependencies/SDL/lib/Mac OS X\"",
				);
				OTHER_LDFLAGS = (
					"-lSDL2",
					"-lz",
				);
				PRODUCT_NAME = "$(TARGET_NAME)";
				WRAPPER_EXTENSION = app;
			};
			name = Debug;
		};
		30952B5E1707EE5D00FB72ED /* Release */ = {
			isa = XCBuildConfiguration;
			buildSettings = {
				COMBINE_HIDPI_IMAGES = YES;
				GCC_PRECOMPILE_PREFIX_HEADER = YES;
				HEADER_SEARCH_PATHS = (
					../../Include,
					../../Dependencies/boost/include,
					../../Dependencies/Wm5,
					../../Dependencies/SDL/include,
					"../../Dependencies/spine-c/include",
				);
				INFOPLIST_FILE = "Test/Test-Info.plist";
				LIBRARY_SEARCH_PATHS = (
					"\"../../Dependencies/SDL/lib/Mac OS X\"",
				);
				OTHER_LDFLAGS = (
					"-lSDL2",
					"-lz",
				);
				PRODUCT_NAME = "$(TARGET_NAME)";
				WRAPPER_EXTENSION = app;
			};
			name = Release;
		};
/* End XCBuildConfiguration section */

/* Begin XCConfigurationList section */
		30952B3A1707EE5C00FB72ED /* Build configuration list for PBXProject "Test" */ = {
			isa = XCConfigurationList;
			buildConfigurations = (
				30952B5A1707EE5D00FB72ED /* Debug */,
				30952B5B1707EE5D00FB72ED /* Release */,
			);
			defaultConfigurationIsVisible = 0;
			defaultConfigurationName = Release;
		};
		30952B5C1707EE5D00FB72ED /* Build configuration list for PBXNativeTarget "Test" */ = {
			isa = XCConfigurationList;
			buildConfigurations = (
				30952B5D1707EE5D00FB72ED /* Debug */,
				30952B5E1707EE5D00FB72ED /* Release */,
			);
			defaultConfigurationIsVisible = 0;
			defaultConfigurationName = Release;
		};
/* End XCConfigurationList section */
	};
	rootObject = 30952B371707EE5C00FB72ED /* Project object */;
}
